// !$*UTF8*$!
{
	archiveVersion = 1;
	classes = {
	};
	objectVersion = 50;
	objects = {

/* Begin PBXBuildFile section */
		4A9CB11B2556EC8100D89B3D /* FrameworkyApp.swift in Sources */ = {isa = PBXBuildFile; fileRef = 4A9CB11A2556EC8100D89B3D /* FrameworkyApp.swift */; };
		4A9CB11F2556EC8300D89B3D /* Assets.xcassets in Resources */ = {isa = PBXBuildFile; fileRef = 4A9CB11E2556EC8300D89B3D /* Assets.xcassets */; };
		4A9CB1222556EC8300D89B3D /* Preview Assets.xcassets in Resources */ = {isa = PBXBuildFile; fileRef = 4A9CB1212556EC8300D89B3D /* Preview Assets.xcassets */; };
		4A9CB12C2556ECE600D89B3D /* Framework.swift in Sources */ = {isa = PBXBuildFile; fileRef = 4A9CB12B2556ECE600D89B3D /* Framework.swift */; };
		4A9CB1302556F09E00D89B3D /* FrameworkGridView.swift in Sources */ = {isa = PBXBuildFile; fileRef = 4A9CB12F2556F09E00D89B3D /* FrameworkGridView.swift */; };
		4AC893852556F5910065F4BC /* FrameworkTitleView.swift in Sources */ = {isa = PBXBuildFile; fileRef = 4AC893842556F5910065F4BC /* FrameworkTitleView.swift */; };
		4AC893882556FB770065F4BC /* FrameworkDetailView.swift in Sources */ = {isa = PBXBuildFile; fileRef = 4AC893872556FB770065F4BC /* FrameworkDetailView.swift */; };
		4AC8938D255700760065F4BC /* FrameworkyButton.swift in Sources */ = {isa = PBXBuildFile; fileRef = 4AC8938C255700760065F4BC /* FrameworkyButton.swift */; };
		4AC8939225570CDE0065F4BC /* FrameworkyModel.swift in Sources */ = {isa = PBXBuildFile; fileRef = 4AC8939125570CDE0065F4BC /* FrameworkyModel.swift */; };
		4AC8939625571CF50065F4BC /* SafariView.swift in Sources */ = {isa = PBXBuildFile; fileRef = 4AC8939525571CF50065F4BC /* SafariView.swift */; };
/* End PBXBuildFile section */

/* Begin PBXFileReference section */
		4A9CB1172556EC8100D89B3D /* Frameworky.app */ = {isa = PBXFileReference; explicitFileType = wrapper.application; includeInIndex = 0; path = Frameworky.app; sourceTree = BUILT_PRODUCTS_DIR; };
		4A9CB11A2556EC8100D89B3D /* FrameworkyApp.swift */ = {isa = PBXFileReference; lastKnownFileType = sourcecode.swift; path = FrameworkyApp.swift; sourceTree = "<group>"; };
		4A9CB11E2556EC8300D89B3D /* Assets.xcassets */ = {isa = PBXFileReference; lastKnownFileType = folder.assetcatalog; path = Assets.xcassets; sourceTree = "<group>"; };
		4A9CB1212556EC8300D89B3D /* Preview Assets.xcassets */ = {isa = PBXFileReference; lastKnownFileType = folder.assetcatalog; path = "Preview Assets.xcassets"; sourceTree = "<group>"; };
		4A9CB1232556EC8300D89B3D /* Info.plist */ = {isa = PBXFileReference; lastKnownFileType = text.plist.xml; path = Info.plist; sourceTree = "<group>"; };
		4A9CB12B2556ECE600D89B3D /* Framework.swift */ = {isa = PBXFileReference; lastKnownFileType = sourcecode.swift; path = Framework.swift; sourceTree = "<group>"; };
		4A9CB12F2556F09E00D89B3D /* FrameworkGridView.swift */ = {isa = PBXFileReference; lastKnownFileType = sourcecode.swift; path = FrameworkGridView.swift; sourceTree = "<group>"; };
		4AC893842556F5910065F4BC /* FrameworkTitleView.swift */ = {isa = PBXFileReference; lastKnownFileType = sourcecode.swift; path = FrameworkTitleView.swift; sourceTree = "<group>"; };
		4AC893872556FB770065F4BC /* FrameworkDetailView.swift */ = {isa = PBXFileReference; lastKnownFileType = sourcecode.swift; path = FrameworkDetailView.swift; sourceTree = "<group>"; };
		4AC8938C255700760065F4BC /* FrameworkyButton.swift */ = {isa = PBXFileReference; lastKnownFileType = sourcecode.swift; path = FrameworkyButton.swift; sourceTree = "<group>"; };
		4AC8939125570CDE0065F4BC /* FrameworkyModel.swift */ = {isa = PBXFileReference; lastKnownFileType = sourcecode.swift; path = FrameworkyModel.swift; sourceTree = "<group>"; };
		4AC8939525571CF50065F4BC /* SafariView.swift */ = {isa = PBXFileReference; lastKnownFileType = sourcecode.swift; path = SafariView.swift; sourceTree = "<group>"; };
/* End PBXFileReference section */

/* Begin PBXFrameworksBuildPhase section */
		4A9CB1142556EC8100D89B3D /* Frameworks */ = {
			isa = PBXFrameworksBuildPhase;
			buildActionMask = 2147483647;
			files = (
			);
			runOnlyForDeploymentPostprocessing = 0;
		};
/* End PBXFrameworksBuildPhase section */

/* Begin PBXGroup section */
		4A9CB10E2556EC8100D89B3D = {
			isa = PBXGroup;
			children = (
				4A9CB1192556EC8100D89B3D /* Frameworky */,
				4A9CB1182556EC8100D89B3D /* Products */,
			);
			sourceTree = "<group>";
		};
		4A9CB1182556EC8100D89B3D /* Products */ = {
			isa = PBXGroup;
			children = (
				4A9CB1172556EC8100D89B3D /* Frameworky.app */,
			);
			name = Products;
			sourceTree = "<group>";
		};
		4A9CB1192556EC8100D89B3D /* Frameworky */ = {
			isa = PBXGroup;
			children = (
				4AC8939025570CCA0065F4BC /* Model */,
				4AC8938B255700460065F4BC /* Components */,
				4A9CB12A2556ECD500D89B3D /* Framework */,
				4A9CB11A2556EC8100D89B3D /* FrameworkyApp.swift */,
				4A9CB11E2556EC8300D89B3D /* Assets.xcassets */,
				4A9CB1232556EC8300D89B3D /* Info.plist */,
				4A9CB1202556EC8300D89B3D /* Preview Content */,
			);
			path = Frameworky;
			sourceTree = "<group>";
		};
		4A9CB1202556EC8300D89B3D /* Preview Content */ = {
			isa = PBXGroup;
			children = (
				4A9CB1212556EC8300D89B3D /* Preview Assets.xcassets */,
			);
			path = "Preview Content";
			sourceTree = "<group>";
		};
		4A9CB12A2556ECD500D89B3D /* Framework */ = {
			isa = PBXGroup;
			children = (
				4A9CB12B2556ECE600D89B3D /* Framework.swift */,
				4A9CB12F2556F09E00D89B3D /* FrameworkGridView.swift */,
				4AC893842556F5910065F4BC /* FrameworkTitleView.swift */,
				4AC893872556FB770065F4BC /* FrameworkDetailView.swift */,
			);
			path = Framework;
			sourceTree = "<group>";
		};
		4AC8938B255700460065F4BC /* Components */ = {
			isa = PBXGroup;
			children = (
				4AC8938C255700760065F4BC /* FrameworkyButton.swift */,
				4AC8939525571CF50065F4BC /* SafariView.swift */,
			);
			path = Components;
			sourceTree = "<group>";
		};
		4AC8939025570CCA0065F4BC /* Model */ = {
			isa = PBXGroup;
			children = (
				4AC8939125570CDE0065F4BC /* FrameworkyModel.swift */,
			);
			path = Model;
			sourceTree = "<group>";
		};
/* End PBXGroup section */

/* Begin PBXNativeTarget section */
		4A9CB1162556EC8100D89B3D /* Frameworky */ = {
			isa = PBXNativeTarget;
			buildConfigurationList = 4A9CB1262556EC8300D89B3D /* Build configuration list for PBXNativeTarget "Frameworky" */;
			buildPhases = (
				4A9CB1132556EC8100D89B3D /* Sources */,
				4A9CB1142556EC8100D89B3D /* Frameworks */,
				4A9CB1152556EC8100D89B3D /* Resources */,
			);
			buildRules = (
			);
			dependencies = (
			);
			name = Frameworky;
			productName = Frameworky;
			productReference = 4A9CB1172556EC8100D89B3D /* Frameworky.app */;
			productType = "com.apple.product-type.application";
		};
/* End PBXNativeTarget section */

/* Begin PBXProject section */
		4A9CB10F2556EC8100D89B3D /* Project object */ = {
			isa = PBXProject;
			attributes = {
				LastSwiftUpdateCheck = 1210;
				LastUpgradeCheck = 1210;
				TargetAttributes = {
					4A9CB1162556EC8100D89B3D = {
						CreatedOnToolsVersion = 12.1;
					};
				};
			};
			buildConfigurationList = 4A9CB1122556EC8100D89B3D /* Build configuration list for PBXProject "Frameworky" */;
			compatibilityVersion = "Xcode 9.3";
			developmentRegion = en;
			hasScannedForEncodings = 0;
			knownRegions = (
				en,
				Base,
			);
			mainGroup = 4A9CB10E2556EC8100D89B3D;
			productRefGroup = 4A9CB1182556EC8100D89B3D /* Products */;
			projectDirPath = "";
			projectRoot = "";
			targets = (
				4A9CB1162556EC8100D89B3D /* Frameworky */,
			);
		};
/* End PBXProject section */

/* Begin PBXResourcesBuildPhase section */
		4A9CB1152556EC8100D89B3D /* Resources */ = {
			isa = PBXResourcesBuildPhase;
			buildActionMask = 2147483647;
			files = (
				4A9CB1222556EC8300D89B3D /* Preview Assets.xcassets in Resources */,
				4A9CB11F2556EC8300D89B3D /* Assets.xcassets in Resources */,
			);
			runOnlyForDeploymentPostprocessing = 0;
		};
/* End PBXResourcesBuildPhase section */

/* Begin PBXSourcesBuildPhase section */
		4A9CB1132556EC8100D89B3D /* Sources */ = {
			isa = PBXSourcesBuildPhase;
			buildActionMask = 2147483647;
			files = (
				4AC8939225570CDE0065F4BC /* FrameworkyModel.swift in Sources */,
				4AC8939625571CF50065F4BC /* SafariView.swift in Sources */,
				4A9CB1302556F09E00D89B3D /* FrameworkGridView.swift in Sources */,
				4AC8938D255700760065F4BC /* FrameworkyButton.swift in Sources */,
				4AC893882556FB770065F4BC /* FrameworkDetailView.swift in Sources */,
				4A9CB12C2556ECE600D89B3D /* Framework.swift in Sources */,
				4A9CB11B2556EC8100D89B3D /* FrameworkyApp.swift in Sources */,
				4AC893852556F5910065F4BC /* FrameworkTitleView.swift in Sources */,
			);
			runOnlyForDeploymentPostprocessing = 0;
		};
/* End PBXSourcesBuildPhase section */

/* Begin XCBuildConfiguration section */
		4A9CB1242556EC8300D89B3D /* Debug */ = {
			isa = XCBuildConfiguration;
			buildSettings = {
				ALWAYS_SEARCH_USER_PATHS = NO;
				CLANG_ANALYZER_NONNULL = YES;
				CLANG_ANALYZER_NUMBER_OBJECT_CONVERSION = YES_AGGRESSIVE;
				CLANG_CXX_LANGUAGE_STANDARD = "gnu++14";
				CLANG_CXX_LIBRARY = "libc++";
				CLANG_ENABLE_MODULES = YES;
				CLANG_ENABLE_OBJC_ARC = YES;
				CLANG_ENABLE_OBJC_WEAK = YES;
				CLANG_WARN_BLOCK_CAPTURE_AUTORELEASING = YES;
				CLANG_WARN_BOOL_CONVERSION = YES;
				CLANG_WARN_COMMA = YES;
				CLANG_WARN_CONSTANT_CONVERSION = YES;
				CLANG_WARN_DEPRECATED_OBJC_IMPLEMENTATIONS = YES;
				CLANG_WARN_DIRECT_OBJC_ISA_USAGE = YES_ERROR;
				CLANG_WARN_DOCUMENTATION_COMMENTS = YES;
				CLANG_WARN_EMPTY_BODY = YES;
				CLANG_WARN_ENUM_CONVERSION = YES;
				CLANG_WARN_INFINITE_RECURSION = YES;
				CLANG_WARN_INT_CONVERSION = YES;
				CLANG_WARN_NON_LITERAL_NULL_CONVERSION = YES;
				CLANG_WARN_OBJC_IMPLICIT_RETAIN_SELF = YES;
				CLANG_WARN_OBJC_LITERAL_CONVERSION = YES;
				CLANG_WARN_OBJC_ROOT_CLASS = YES_ERROR;
				CLANG_WARN_QUOTED_INCLUDE_IN_FRAMEWORK_HEADER = YES;
				CLANG_WARN_RANGE_LOOP_ANALYSIS = YES;
				CLANG_WARN_STRICT_PROTOTYPES = YES;
				CLANG_WARN_SUSPICIOUS_MOVE = YES;
				CLANG_WARN_UNGUARDED_AVAILABILITY = YES_AGGRESSIVE;
				CLANG_WARN_UNREACHABLE_CODE = YES;
				CLANG_WARN__DUPLICATE_METHOD_MATCH = YES;
				COPY_PHASE_STRIP = NO;
				DEBUG_INFORMATION_FORMAT = dwarf;
				ENABLE_STRICT_OBJC_MSGSEND = YES;
				ENABLE_TESTABILITY = YES;
				GCC_C_LANGUAGE_STANDARD = gnu11;
				GCC_DYNAMIC_NO_PIC = NO;
				GCC_NO_COMMON_BLOCKS = YES;
				GCC_OPTIMIZATION_LEVEL = 0;
				GCC_PREPROCESSOR_DEFINITIONS = (
					"DEBUG=1",
					"$(inherited)",
				);
				GCC_WARN_64_TO_32_BIT_CONVERSION = YES;
				GCC_WARN_ABOUT_RETURN_TYPE = YES_ERROR;
				GCC_WARN_UNDECLARED_SELECTOR = YES;
				GCC_WARN_UNINITIALIZED_AUTOS = YES_AGGRESSIVE;
				GCC_WARN_UNUSED_FUNCTION = YES;
				GCC_WARN_UNUSED_VARIABLE = YES;
				IPHONEOS_DEPLOYMENT_TARGET = 14.1;
				MTL_ENABLE_DEBUG_INFO = INCLUDE_SOURCE;
				MTL_FAST_MATH = YES;
				ONLY_ACTIVE_ARCH = YES;
				SDKROOT = iphoneos;
				SWIFT_ACTIVE_COMPILATION_CONDITIONS = DEBUG;
				SWIFT_OPTIMIZATION_LEVEL = "-Onone";
			};
			name = Debug;
		};
		4A9CB1252556EC8300D89B3D /* Release */ = {
			isa = XCBuildConfiguration;
			buildSettings = {
				ALWAYS_SEARCH_USER_PATHS = NO;
				CLANG_ANALYZER_NONNULL = YES;
				CLANG_ANALYZER_NUMBER_OBJECT_CONVERSION = YES_AGGRESSIVE;
				CLANG_CXX_LANGUAGE_STANDARD = "gnu++14";
				CLANG_CXX_LIBRARY = "libc++";
				CLANG_ENABLE_MODULES = YES;
				CLANG_ENABLE_OBJC_ARC = YES;
				CLANG_ENABLE_OBJC_WEAK = YES;
				CLANG_WARN_BLOCK_CAPTURE_AUTORELEASING = YES;
				CLANG_WARN_BOOL_CONVERSION = YES;
				CLANG_WARN_COMMA = YES;
				CLANG_WARN_CONSTANT_CONVERSION = YES;
				CLANG_WARN_DEPRECATED_OBJC_IMPLEMENTATIONS = YES;
				CLANG_WARN_DIRECT_OBJC_ISA_USAGE = YES_ERROR;
				CLANG_WARN_DOCUMENTATION_COMMENTS = YES;
				CLANG_WARN_EMPTY_BODY = YES;
				CLANG_WARN_ENUM_CONVERSION = YES;
				CLANG_WARN_INFINITE_RECURSION = YES;
				CLANG_WARN_INT_CONVERSION = YES;
				CLANG_WARN_NON_LITERAL_NULL_CONVERSION = YES;
				CLANG_WARN_OBJC_IMPLICIT_RETAIN_SELF = YES;
				CLANG_WARN_OBJC_LITERAL_CONVERSION = YES;
				CLANG_WARN_OBJC_ROOT_CLASS = YES_ERROR;
				CLANG_WARN_QUOTED_INCLUDE_IN_FRAMEWORK_HEADER = YES;
				CLANG_WARN_RANGE_LOOP_ANALYSIS = YES;
				CLANG_WARN_STRICT_PROTOTYPES = YES;
				CLANG_WARN_SUSPICIOUS_MOVE = YES;
				CLANG_WARN_UNGUARDED_AVAILABILITY = YES_AGGRESSIVE;
				CLANG_WARN_UNREACHABLE_CODE = YES;
				CLANG_WARN__DUPLICATE_METHOD_MATCH = YES;
				COPY_PHASE_STRIP = NO;
				DEBUG_INFORMATION_FORMAT = "dwarf-with-dsym";
				ENABLE_NS_ASSERTIONS = NO;
				ENABLE_STRICT_OBJC_MSGSEND = YES;
				GCC_C_LANGUAGE_STANDARD = gnu11;
				GCC_NO_COMMON_BLOCKS = YES;
				GCC_WARN_64_TO_32_BIT_CONVERSION = YES;
				GCC_WARN_ABOUT_RETURN_TYPE = YES_ERROR;
				GCC_WARN_UNDECLARED_SELECTOR = YES;
				GCC_WARN_UNINITIALIZED_AUTOS = YES_AGGRESSIVE;
				GCC_WARN_UNUSED_FUNCTION = YES;
				GCC_WARN_UNUSED_VARIABLE = YES;
				IPHONEOS_DEPLOYMENT_TARGET = 14.1;
				MTL_ENABLE_DEBUG_INFO = NO;
				MTL_FAST_MATH = YES;
				SDKROOT = iphoneos;
				SWIFT_COMPILATION_MODE = wholemodule;
				SWIFT_OPTIMIZATION_LEVEL = "-O";
				VALIDATE_PRODUCT = YES;
			};
			name = Release;
		};
		4A9CB1272556EC8300D89B3D /* Debug */ = {
			isa = XCBuildConfiguration;
			buildSettings = {
				ASSETCATALOG_COMPILER_APPICON_NAME = AppIcon;
				ASSETCATALOG_COMPILER_GLOBAL_ACCENT_COLOR_NAME = AccentColor;
				CODE_SIGN_STYLE = Automatic;
				DEVELOPMENT_ASSET_PATHS = "\"Frameworky/Preview Content\"";
				DEVELOPMENT_TEAM = 22V22D778S;
				ENABLE_PREVIEWS = YES;
				INFOPLIST_FILE = Frameworky/Info.plist;
				IPHONEOS_DEPLOYMENT_TARGET = 14.0;
				LD_RUNPATH_SEARCH_PATHS = (
					"$(inherited)",
					"@executable_path/Frameworks",
				);
				PRODUCT_BUNDLE_IDENTIFIER = de.w33zel.Frameworky;
				PRODUCT_NAME = "$(TARGET_NAME)";
				SWIFT_VERSION = 5.0;
				TARGETED_DEVICE_FAMILY = "1,2";
			};
			name = Debug;
		};
		4A9CB1282556EC8300D89B3D /* Release */ = {
			isa = XCBuildConfiguration;
			buildSettings = {
				ASSETCATALOG_COMPILER_APPICON_NAME = AppIcon;
				ASSETCATALOG_COMPILER_GLOBAL_ACCENT_COLOR_NAME = AccentColor;
				CODE_SIGN_STYLE = Automatic;
				DEVELOPMENT_ASSET_PATHS = "\"Frameworky/Preview Content\"";
				DEVELOPMENT_TEAM = 22V22D778S;
				ENABLE_PREVIEWS = YES;
				INFOPLIST_FILE = Frameworky/Info.plist;
				IPHONEOS_DEPLOYMENT_TARGET = 14.0;
				LD_RUNPATH_SEARCH_PATHS = (
					"$(inherited)",
					"@executable_path/Frameworks",
				);
				PRODUCT_BUNDLE_IDENTIFIER = de.w33zel.Frameworky;
				PRODUCT_NAME = "$(TARGET_NAME)";
				SWIFT_VERSION = 5.0;
				TARGETED_DEVICE_FAMILY = "1,2";
			};
			name = Release;
		};
/* End XCBuildConfiguration section */

/* Begin XCConfigurationList section */
		4A9CB1122556EC8100D89B3D /* Build configuration list for PBXProject "Frameworky" */ = {
			isa = XCConfigurationList;
			buildConfigurations = (
				4A9CB1242556EC8300D89B3D /* Debug */,
				4A9CB1252556EC8300D89B3D /* Release */,
			);
			defaultConfigurationIsVisible = 0;
			defaultConfigurationName = Release;
		};
		4A9CB1262556EC8300D89B3D /* Build configuration list for PBXNativeTarget "Frameworky" */ = {
			isa = XCConfigurationList;
			buildConfigurations = (
				4A9CB1272556EC8300D89B3D /* Debug */,
				4A9CB1282556EC8300D89B3D /* Release */,
			);
			defaultConfigurationIsVisible = 0;
			defaultConfigurationName = Release;
		};
/* End XCConfigurationList section */
	};
	rootObject = 4A9CB10F2556EC8100D89B3D /* Project object */;
}
